{
  "name": "@andikrnwn20/enolaair1",
  "version": "1.0.0",
  "lockfileVersion": 3,
  "requires": true,
  "packages": {
    "": {
      "name": "@andikrnwn20/enolaair1",
      "version": "1.0.0",
      "license": "ISC",
      "dependencies": {
        "enolaair1": "^1.0.0"
      },
      "devDependencies": {}
    },
    "node_modules/enolaair1": {
      "version": "1.0.0",
      "resolved": "https://registry.npmjs.org/enolaair1/-/enolaair1-1.0.0.tgz",
      "integrity": "sha512-R+EzrKe1ceWH8b0kzGduzoyUC/obI7zmt/rlmz+EGR8QkpVGvcU6tVAJwaIDfEW9vpAQFHUyubGqe4UlkL5pvw=="
    }
  }
}
